{
  "version": 4,
  "terraform_version": "1.3.4",
  "serial": 15,
  "lineage": "89dafd16-b940-5319-2738-c1e4a25c3b52",
  "outputs": {},
  "resources": [
    {
      "mode": "data",
      "type": "aws_security_group",
      "name": "default",
      "provider": "provider[\"registry.terraform.io/hashicorp/aws\"]",
      "instances": [
        {
          "schema_version": 0,
          "attributes": {
            "arn": "arn:aws:ec2:ap-northeast-2:923984150435:security-group/sg-09368436cacc76e6f",
            "description": "default VPC security group",
            "filter": null,
            "id": "sg-09368436cacc76e6f",
            "name": "default",
            "tags": {},
            "vpc_id": "vpc-0fd1fb47d26fa3c7e"
          },
          "sensitive_attributes": []
        }
      ]
    },
    {
      "mode": "managed",
      "type": "aws_instance",
      "name": "ec2",
      "provider": "provider[\"registry.terraform.io/hashicorp/aws\"]",
      "instances": [
        {
          "schema_version": 1,
          "attributes": {
            "ami": "ami-0e9bfdb247cc8de84",
            "arn": "arn:aws:ec2:ap-northeast-2:923984150435:instance/i-0178754ff4ad5e58f",
            "associate_public_ip_address": true,
            "availability_zone": "ap-northeast-2a",
            "capacity_reservation_specification": [
              {
                "capacity_reservation_preference": "open",
                "capacity_reservation_target": []
              }
            ],
            "cpu_core_count": 1,
            "cpu_threads_per_core": 1,
            "credit_specification": [
              {
                "cpu_credits": "standard"
              }
            ],
            "disable_api_termination": false,
            "ebs_block_device": [],
            "ebs_optimized": false,
            "enclave_options": [
              {
                "enabled": false
              }
            ],
            "ephemeral_block_device": [],
            "get_password_data": false,
            "hibernation": false,
            "host_id": null,
            "iam_instance_profile": "",
            "id": "i-0178754ff4ad5e58f",
            "instance_initiated_shutdown_behavior": "stop",
            "instance_state": "running",
            "instance_type": "t2.micro",
            "ipv6_address_count": 0,
            "ipv6_addresses": [],
            "key_name": "teamo2_den_study",
            "launch_template": [],
            "metadata_options": [
              {
                "http_endpoint": "enabled",
                "http_put_response_hop_limit": 1,
                "http_tokens": "optional",
                "instance_metadata_tags": "disabled"
              }
            ],
            "monitoring": false,
            "network_interface": [],
            "outpost_arn": "",
            "password_data": "",
            "placement_group": "",
            "placement_partition_number": null,
            "primary_network_interface_id": "eni-01ee26de242e94920",
            "private_dns": "ip-172-31-0-116.ap-northeast-2.compute.internal",
            "private_ip": "172.31.0.116",
            "public_dns": "ec2-3-39-248-55.ap-northeast-2.compute.amazonaws.com",
            "public_ip": "3.39.248.55",
            "root_block_device": [
              {
                "delete_on_termination": true,
                "device_name": "/dev/sda1",
                "encrypted": false,
                "iops": 100,
                "kms_key_id": "",
                "tags": {},
                "throughput": 0,
                "volume_id": "vol-0c6b72e090b37da2f",
                "volume_size": 8,
                "volume_type": "gp2"
              }
            ],
            "secondary_private_ips": [],
            "security_groups": [
              "allow_ssh_from_all",
              "default"
            ],
            "source_dest_check": true,
            "subnet_id": "subnet-069e5604a010b7179",
            "tags": {
              "Name": "den msa study"
            },
            "tags_all": {
              "Name": "den msa study"
            },
            "tenancy": "default",
            "timeouts": null,
            "user_data": null,
            "user_data_base64": null,
            "volume_tags": null,
            "vpc_security_group_ids": [
              "sg-04be32af1c7e982ef",
              "sg-09368436cacc76e6f"
            ]
          },
          "sensitive_attributes": [],
          "private": "eyJlMmJmYjczMC1lY2FhLTExZTYtOGY4OC0zNDM2M2JjN2M0YzAiOnsiY3JlYXRlIjo2MDAwMDAwMDAwMDAsImRlbGV0ZSI6MTIwMDAwMDAwMDAwMCwidXBkYXRlIjo2MDAwMDAwMDAwMDB9LCJzY2hlbWFfdmVyc2lvbiI6IjEifQ==",
          "dependencies": [
            "aws_key_pair.key_pair",
            "aws_security_group.ssh",
            "data.aws_security_group.default"
          ]
        }
      ]
    },
    {
      "mode": "managed",
      "type": "aws_key_pair",
      "name": "key_pair",
      "provider": "provider[\"registry.terraform.io/hashicorp/aws\"]",
      "instances": [
        {
          "schema_version": 1,
          "attributes": {
            "arn": "arn:aws:ec2:ap-northeast-2:923984150435:key-pair/teamo2_den_study",
            "fingerprint": "b8:60:2c:2a:2d:da:16:74:9f:d1:7c:36:b7:2d:71:fa",
            "id": "teamo2_den_study",
            "key_name": "teamo2_den_study",
            "key_name_prefix": "",
            "key_pair_id": "key-074570e09c6668a8c",
            "public_key": "ssh-rsa AAAAB3NzaC1yc2EAAAADAQABAAACAQDu7hmgeEAyrNOzDMRLS2KwWk9Y+D5f+GCKDMZxxSS1+zOn9M87Ed9emNHEJOQqT/QMjBRoh7UB1iKoucmg95Kv23JafyVioqVHGSUEBVcIY3PhH2Xxp7dR3RejrtrruBRPV8R89UnwLzIyOuWjOm48to3pRMbHd2o9hU/RB9hfGhXKStEuJnvTQDnTBTUMQu1gYFafMknbfx8htowtble6OGpxtuTzgLW0n2o/C77nImY5S/vD/XYRfEENuur7oXQIn8waUi1HPl1N/M/Cj6j+AdA3sgrGmmxwFiqgbCg0HKCZnW775nFaZ6/fngHlbuyU3at63MlXtsVaOVGyJpFhg3pomtRd2UNwF1k2LIKXAzM1kyvRPjAerDpPO2vVocwXw3KNmo1PIQ1Q0p7qXg9kDOTXf1qXwcBRVuYj68uBUgqnvnREliYWhl9T7gdVUKy7SkyLS+vZJ+iFbI5zR/EIld7hcsUXjPEohtw7SnlRYwnLTzVEjXGL0cxxf4E4rYBHTXJRIwfz1OADsQ4G2gCFboI4vwgKekUJbMH1ZUghfO+RGOXSxm3dghNfNPoHaKrZ1/gpv8Wrf4ry4YzY4XYeSDe6NUQdjCqgz/Zme88V+hpnbj5SWNHhWM9m+85ox1c4HV9NcHrx/g97bPgFnD+33ZeF3CQzvE9I+fJwI97rmw== \u003cEMAIL_ADDRESS\u003e",
            "tags": {},
            "tags_all": {}
          },
          "sensitive_attributes": [],
          "private": "eyJzY2hlbWFfdmVyc2lvbiI6IjEifQ=="
        }
      ]
    },
    {
      "mode": "managed",
      "type": "aws_security_group",
      "name": "ssh",
      "provider": "provider[\"registry.terraform.io/hashicorp/aws\"]",
      "instances": [
        {
          "schema_version": 1,
          "attributes": {
            "arn": "arn:aws:ec2:ap-northeast-2:923984150435:security-group/sg-04be32af1c7e982ef",
            "description": "Allow SSH port from all",
            "egress": [],
            "id": "sg-04be32af1c7e982ef",
            "ingress": [
              {
                "cidr_blocks": [
                  "0.0.0.0/0"
                ],
                "description": "",
                "from_port": 3001,
                "ipv6_cidr_blocks": [],
                "prefix_list_ids": [],
                "protocol": "tcp",
                "security_groups": [],
                "self": false,
                "to_port": 3001
              },
              {
                "cidr_blocks": [
                  "0.0.0.0/0"
                ],
                "description": null,
                "from_port": 22,
                "ipv6_cidr_blocks": [],
                "prefix_list_ids": [],
                "protocol": "tcp",
                "security_groups": [],
                "self": false,
                "to_port": 22
              }
            ],
            "name": "allow_ssh_from_all",
            "name_prefix": "",
            "owner_id": "923984150435",
            "revoke_rules_on_delete": false,
            "tags": {},
            "tags_all": {},
            "timeouts": null,
            "vpc_id": "vpc-0fd1fb47d26fa3c7e"
          },
          "sensitive_attributes": [],
          "private": "eyJlMmJmYjczMC1lY2FhLTExZTYtOGY4OC0zNDM2M2JjN2M0YzAiOnsiY3JlYXRlIjo2MDAwMDAwMDAwMDAsImRlbGV0ZSI6OTAwMDAwMDAwMDAwfSwic2NoZW1hX3ZlcnNpb24iOiIxIn0="
        }
      ]
    }
  ],
  "check_results": null
}
